// !$*UTF8*$!
{
	archiveVersion = 1;
	classes = {
	};
	objectVersion = 46;
	objects = {

/* Begin PBXBuildFile section */
		C35529351B6B5AB10093D62C /* KCImageHandler.m in Sources */ = {isa = PBXBuildFile; fileRef = C35529341B6B5AB10093D62C /* KCImageHandler.m */; };
		C35529391B6B63AC0093D62C /* CustomerViewTableViewCell.m in Sources */ = {isa = PBXBuildFile; fileRef = C35529371B6B63AC0093D62C /* CustomerViewTableViewCell.m */; };
		C355293D1B6B64F60093D62C /* CustomerViewController.m in Sources */ = {isa = PBXBuildFile; fileRef = C355293C1B6B64F60093D62C /* CustomerViewController.m */; };
		C35529401B6B66A70093D62C /* KCCustomerHandler.m in Sources */ = {isa = PBXBuildFile; fileRef = C355293F1B6B66A70093D62C /* KCCustomerHandler.m */; };
		C35529431B6C03E60093D62C /* KCItemListHandler.m in Sources */ = {isa = PBXBuildFile; fileRef = C35529421B6C03E60093D62C /* KCItemListHandler.m */; };
		C383B5C51B7B519300DD280D /* KCMenuHandler.m in Sources */ = {isa = PBXBuildFile; fileRef = C383B5C41B7B519300DD280D /* KCMenuHandler.m */; };
		C3A074E31B6CCDF50082540E /* KCOrder.m in Sources */ = {isa = PBXBuildFile; fileRef = C3A074E21B6CCDF50082540E /* KCOrder.m */; };
		C3A074E61B6CE4F60082540E /* PaymentViewController.m in Sources */ = {isa = PBXBuildFile; fileRef = C3A074E51B6CE4F60082540E /* PaymentViewController.m */; };
		C3A075391B6E358F0082540E /* PaymentTableViewCell.m in Sources */ = {isa = PBXBuildFile; fileRef = C3A075381B6E358F0082540E /* PaymentTableViewCell.m */; };
		C3A0753C1B6E44160082540E /* KCConnectOrder.m in Sources */ = {isa = PBXBuildFile; fileRef = C3A0753B1B6E44160082540E /* KCConnectOrder.m */; };
		C3A0754E1B70D7040082540E /* OrderPresentViewController.m in Sources */ = {isa = PBXBuildFile; fileRef = C3A0754D1B70D7040082540E /* OrderPresentViewController.m */; };
		C3A075511B70D72E0082540E /* OrderPresentTableViewCell.m in Sources */ = {isa = PBXBuildFile; fileRef = C3A075501B70D72E0082540E /* OrderPresentTableViewCell.m */; };
		C3A075541B70E91D0082540E /* OrderDetailViewController.m in Sources */ = {isa = PBXBuildFile; fileRef = C3A075531B70E91D0082540E /* OrderDetailViewController.m */; };
		C3A075EE1B73806A0082540E /* KCQRCodeHandler.m in Sources */ = {isa = PBXBuildFile; fileRef = C3A075ED1B73806A0082540E /* KCQRCodeHandler.m */; };
		C3BCBBB41B688ECA001B97D2 /* KCDish.m in Sources */ = {isa = PBXBuildFile; fileRef = C3BCBBB31B688ECA001B97D2 /* KCDish.m */; };
		C3BCBBB71B688F90001B97D2 /* KCConnectDish.m in Sources */ = {isa = PBXBuildFile; fileRef = C3BCBBB61B688F90001B97D2 /* KCConnectDish.m */; };
		C3BCBBBA1B698D58001B97D2 /* SearchMenuViewController.m in Sources */ = {isa = PBXBuildFile; fileRef = C3BCBBB91B698D58001B97D2 /* SearchMenuViewController.m */; };
		C3BCBBC01B69AB9F001B97D2 /* MenuDetailViewController.m in Sources */ = {isa = PBXBuildFile; fileRef = C3BCBBBF1B69AB9F001B97D2 /* MenuDetailViewController.m */; };
		C3BCBBCA1B69E00F001B97D2 /* DishDetailScrllViewController.m in Sources */ = {isa = PBXBuildFile; fileRef = C3BCBBC81B69E00F001B97D2 /* DishDetailScrllViewController.m */; };
		C3BCBBCE1B6ABADD001B97D2 /* KCItemList.m in Sources */ = {isa = PBXBuildFile; fileRef = C3BCBBCD1B6ABADD001B97D2 /* KCItemList.m */; };
		C3BCBBD11B6ABAEC001B97D2 /* KCItem.m in Sources */ = {isa = PBXBuildFile; fileRef = C3BCBBD01B6ABAEC001B97D2 /* KCItem.m */; };
		C3BCBBD71B6AD540001B97D2 /* CartViewController.m in Sources */ = {isa = PBXBuildFile; fileRef = C3BCBBD61B6AD540001B97D2 /* CartViewController.m */; };
		C3BCBBDA1B6ADC92001B97D2 /* CartTableViewCell.m in Sources */ = {isa = PBXBuildFile; fileRef = C3BCBBD91B6ADC92001B97D2 /* CartTableViewCell.m */; };
		C3C773F31B6CBDA6003DF48B /* EventViewController.m in Sources */ = {isa = PBXBuildFile; fileRef = C3C773F11B6CBDA6003DF48B /* EventViewController.m */; };
		C3CF650C1B674F7C00167D70 /* main.m in Sources */ = {isa = PBXBuildFile; fileRef = C3CF650B1B674F7C00167D70 /* main.m */; };
		C3CF650F1B674F7C00167D70 /* AppDelegate.m in Sources */ = {isa = PBXBuildFile; fileRef = C3CF650E1B674F7C00167D70 /* AppDelegate.m */; };
		C3CF65151B674F7C00167D70 /* Main.storyboard in Resources */ = {isa = PBXBuildFile; fileRef = C3CF65131B674F7C00167D70 /* Main.storyboard */; };
		C3CF65171B674F7C00167D70 /* Images.xcassets in Resources */ = {isa = PBXBuildFile; fileRef = C3CF65161B674F7C00167D70 /* Images.xcassets */; };
		C3CF651A1B674F7C00167D70 /* LaunchScreen.xib in Resources */ = {isa = PBXBuildFile; fileRef = C3CF65181B674F7C00167D70 /* LaunchScreen.xib */; };
		C3CF65261B674F7C00167D70 /* The_Knights_ClubTests.m in Sources */ = {isa = PBXBuildFile; fileRef = C3CF65251B674F7C00167D70 /* The_Knights_ClubTests.m */; };
		C3CF65381B675C4000167D70 /* SignInViewController.m in Sources */ = {isa = PBXBuildFile; fileRef = C3CF65371B675C4000167D70 /* SignInViewController.m */; };
		C3CF653B1B675C5C00167D70 /* SignUpViewController.m in Sources */ = {isa = PBXBuildFile; fileRef = C3CF653A1B675C5C00167D70 /* SignUpViewController.m */; };
		C3CF653E1B67E54A00167D70 /* KCCustomer.m in Sources */ = {isa = PBXBuildFile; fileRef = C3CF653D1B67E54A00167D70 /* KCCustomer.m */; };
		C3CF65411B67E85C00167D70 /* KCConnectCustomer.m in Sources */ = {isa = PBXBuildFile; fileRef = C3CF65401B67E85C00167D70 /* KCConnectCustomer.m */; };
		C3CF65441B67F52500167D70 /* MenuViewController.m in Sources */ = {isa = PBXBuildFile; fileRef = C3CF65431B67F52500167D70 /* MenuViewController.m */; };
		C3CF65471B6802EE00167D70 /* MenuTableViewCell.m in Sources */ = {isa = PBXBuildFile; fileRef = C3CF65461B6802EE00167D70 /* MenuTableViewCell.m */; };
/* End PBXBuildFile section */

/* Begin PBXContainerItemProxy section */
		C3CF65201B674F7C00167D70 /* PBXContainerItemProxy */ = {
			isa = PBXContainerItemProxy;
			containerPortal = C3CF64FE1B674F7C00167D70 /* Project object */;
			proxyType = 1;
			remoteGlobalIDString = C3CF65051B674F7C00167D70;
			remoteInfo = "The Knights Club";
		};
/* End PBXContainerItemProxy section */

/* Begin PBXFileReference section */
		C35529311B6B3EDA0093D62C /* DetailBackToCartRefresh.h */ = {isa = PBXFileReference; fileEncoding = 4; lastKnownFileType = sourcecode.c.h; path = DetailBackToCartRefresh.h; sourceTree = "<group>"; };
		C35529321B6B55D70093D62C /* DismissFatherViewController.h */ = {isa = PBXFileReference; fileEncoding = 4; lastKnownFileType = sourcecode.c.h; path = DismissFatherViewController.h; sourceTree = "<group>"; };
		C35529331B6B5AB10093D62C /* KCImageHandler.h */ = {isa = PBXFileReference; fileEncoding = 4; lastKnownFileType = sourcecode.c.h; path = KCImageHandler.h; sourceTree = "<group>"; };
		C35529341B6B5AB10093D62C /* KCImageHandler.m */ = {isa = PBXFileReference; fileEncoding = 4; lastKnownFileType = sourcecode.c.objc; path = KCImageHandler.m; sourceTree = "<group>"; };
		C35529361B6B63AC0093D62C /* CustomerViewTableViewCell.h */ = {isa = PBXFileReference; fileEncoding = 4; lastKnownFileType = sourcecode.c.h; path = CustomerViewTableViewCell.h; sourceTree = "<group>"; };
		C35529371B6B63AC0093D62C /* CustomerViewTableViewCell.m */ = {isa = PBXFileReference; fileEncoding = 4; lastKnownFileType = sourcecode.c.objc; path = CustomerViewTableViewCell.m; sourceTree = "<group>"; };
		C355293B1B6B64F60093D62C /* CustomerViewController.h */ = {isa = PBXFileReference; fileEncoding = 4; lastKnownFileType = sourcecode.c.h; path = CustomerViewController.h; sourceTree = "<group>"; };
		C355293C1B6B64F60093D62C /* CustomerViewController.m */ = {isa = PBXFileReference; fileEncoding = 4; lastKnownFileType = sourcecode.c.objc; path = CustomerViewController.m; sourceTree = "<group>"; };
		C355293E1B6B66A70093D62C /* KCCustomerHandler.h */ = {isa = PBXFileReference; fileEncoding = 4; lastKnownFileType = sourcecode.c.h; path = KCCustomerHandler.h; sourceTree = "<group>"; };
		C355293F1B6B66A70093D62C /* KCCustomerHandler.m */ = {isa = PBXFileReference; fileEncoding = 4; lastKnownFileType = sourcecode.c.objc; path = KCCustomerHandler.m; sourceTree = "<group>"; };
		C35529411B6C03E60093D62C /* KCItemListHandler.h */ = {isa = PBXFileReference; fileEncoding = 4; lastKnownFileType = sourcecode.c.h; path = KCItemListHandler.h; sourceTree = "<group>"; };
		C35529421B6C03E60093D62C /* KCItemListHandler.m */ = {isa = PBXFileReference; fileEncoding = 4; lastKnownFileType = sourcecode.c.objc; path = KCItemListHandler.m; sourceTree = "<group>"; };
		C383B5B81B7B210200DD280D /* RefreshViewControllerProtocol.h */ = {isa = PBXFileReference; fileEncoding = 4; lastKnownFileType = sourcecode.c.h; path = RefreshViewControllerProtocol.h; sourceTree = "<group>"; };
		C383B5C31B7B519300DD280D /* KCMenuHandler.h */ = {isa = PBXFileReference; fileEncoding = 4; lastKnownFileType = sourcecode.c.h; path = KCMenuHandler.h; sourceTree = "<group>"; };
		C383B5C41B7B519300DD280D /* KCMenuHandler.m */ = {isa = PBXFileReference; fileEncoding = 4; lastKnownFileType = sourcecode.c.objc; path = KCMenuHandler.m; sourceTree = "<group>"; };
		C3A074E11B6CCDF50082540E /* KCOrder.h */ = {isa = PBXFileReference; fileEncoding = 4; lastKnownFileType = sourcecode.c.h; path = KCOrder.h; sourceTree = "<group>"; };
		C3A074E21B6CCDF50082540E /* KCOrder.m */ = {isa = PBXFileReference; fileEncoding = 4; lastKnownFileType = sourcecode.c.objc; path = KCOrder.m; sourceTree = "<group>"; };
		C3A074E41B6CE4F60082540E /* PaymentViewController.h */ = {isa = PBXFileReference; fileEncoding = 4; lastKnownFileType = sourcecode.c.h; path = PaymentViewController.h; sourceTree = "<group>"; };
		C3A074E51B6CE4F60082540E /* PaymentViewController.m */ = {isa = PBXFileReference; fileEncoding = 4; lastKnownFileType = sourcecode.c.objc; path = PaymentViewController.m; sourceTree = "<group>"; };
		C3A075371B6E358F0082540E /* PaymentTableViewCell.h */ = {isa = PBXFileReference; fileEncoding = 4; lastKnownFileType = sourcecode.c.h; path = PaymentTableViewCell.h; sourceTree = "<group>"; };
		C3A075381B6E358F0082540E /* PaymentTableViewCell.m */ = {isa = PBXFileReference; fileEncoding = 4; lastKnownFileType = sourcecode.c.objc; path = PaymentTableViewCell.m; sourceTree = "<group>"; };
		C3A0753A1B6E44160082540E /* KCConnectOrder.h */ = {isa = PBXFileReference; fileEncoding = 4; lastKnownFileType = sourcecode.c.h; path = KCConnectOrder.h; sourceTree = "<group>"; };
		C3A0753B1B6E44160082540E /* KCConnectOrder.m */ = {isa = PBXFileReference; fileEncoding = 4; lastKnownFileType = sourcecode.c.objc; path = KCConnectOrder.m; sourceTree = "<group>"; };
		C3A0754C1B70D7040082540E /* OrderPresentViewController.h */ = {isa = PBXFileReference; fileEncoding = 4; lastKnownFileType = sourcecode.c.h; path = OrderPresentViewController.h; sourceTree = "<group>"; };
		C3A0754D1B70D7040082540E /* OrderPresentViewController.m */ = {isa = PBXFileReference; fileEncoding = 4; lastKnownFileType = sourcecode.c.objc; path = OrderPresentViewController.m; sourceTree = "<group>"; };
		C3A0754F1B70D72E0082540E /* OrderPresentTableViewCell.h */ = {isa = PBXFileReference; fileEncoding = 4; lastKnownFileType = sourcecode.c.h; path = OrderPresentTableViewCell.h; sourceTree = "<group>"; };
		C3A075501B70D72E0082540E /* OrderPresentTableViewCell.m */ = {isa = PBXFileReference; fileEncoding = 4; lastKnownFileType = sourcecode.c.objc; path = OrderPresentTableViewCell.m; sourceTree = "<group>"; };
		C3A075521B70E91D0082540E /* OrderDetailViewController.h */ = {isa = PBXFileReference; fileEncoding = 4; lastKnownFileType = sourcecode.c.h; path = OrderDetailViewController.h; sourceTree = "<group>"; };
		C3A075531B70E91D0082540E /* OrderDetailViewController.m */ = {isa = PBXFileReference; fileEncoding = 4; lastKnownFileType = sourcecode.c.objc; path = OrderDetailViewController.m; sourceTree = "<group>"; };
		C3A075EC1B73806A0082540E /* KCQRCodeHandler.h */ = {isa = PBXFileReference; fileEncoding = 4; lastKnownFileType = sourcecode.c.h; path = KCQRCodeHandler.h; sourceTree = "<group>"; };
		C3A075ED1B73806A0082540E /* KCQRCodeHandler.m */ = {isa = PBXFileReference; fileEncoding = 4; lastKnownFileType = sourcecode.c.objc; path = KCQRCodeHandler.m; sourceTree = "<group>"; };
		C3BCBBB21B688ECA001B97D2 /* KCDish.h */ = {isa = PBXFileReference; fileEncoding = 4; lastKnownFileType = sourcecode.c.h; path = KCDish.h; sourceTree = "<group>"; };
		C3BCBBB31B688ECA001B97D2 /* KCDish.m */ = {isa = PBXFileReference; fileEncoding = 4; lastKnownFileType = sourcecode.c.objc; path = KCDish.m; sourceTree = "<group>"; };
		C3BCBBB51B688F90001B97D2 /* KCConnectDish.h */ = {isa = PBXFileReference; fileEncoding = 4; lastKnownFileType = sourcecode.c.h; path = KCConnectDish.h; sourceTree = "<group>"; };
		C3BCBBB61B688F90001B97D2 /* KCConnectDish.m */ = {isa = PBXFileReference; fileEncoding = 4; lastKnownFileType = sourcecode.c.objc; path = KCConnectDish.m; sourceTree = "<group>"; };
		C3BCBBB81B698D58001B97D2 /* SearchMenuViewController.h */ = {isa = PBXFileReference; fileEncoding = 4; lastKnownFileType = sourcecode.c.h; path = SearchMenuViewController.h; sourceTree = "<group>"; };
		C3BCBBB91B698D58001B97D2 /* SearchMenuViewController.m */ = {isa = PBXFileReference; fileEncoding = 4; lastKnownFileType = sourcecode.c.objc; path = SearchMenuViewController.m; sourceTree = "<group>"; };
		C3BCBBBE1B69AB9F001B97D2 /* MenuDetailViewController.h */ = {isa = PBXFileReference; fileEncoding = 4; lastKnownFileType = sourcecode.c.h; path = MenuDetailViewController.h; sourceTree = "<group>"; };
		C3BCBBBF1B69AB9F001B97D2 /* MenuDetailViewController.m */ = {isa = PBXFileReference; fileEncoding = 4; lastKnownFileType = sourcecode.c.objc; path = MenuDetailViewController.m; sourceTree = "<group>"; };
		C3BCBBC71B69E00F001B97D2 /* DishDetailScrllViewController.h */ = {isa = PBXFileReference; fileEncoding = 4; lastKnownFileType = sourcecode.c.h; path = DishDetailScrllViewController.h; sourceTree = "<group>"; };
		C3BCBBC81B69E00F001B97D2 /* DishDetailScrllViewController.m */ = {isa = PBXFileReference; fileEncoding = 4; lastKnownFileType = sourcecode.c.objc; path = DishDetailScrllViewController.m; sourceTree = "<group>"; };
		C3BCBBCC1B6ABADD001B97D2 /* KCItemList.h */ = {isa = PBXFileReference; fileEncoding = 4; lastKnownFileType = sourcecode.c.h; path = KCItemList.h; sourceTree = "<group>"; };
		C3BCBBCD1B6ABADD001B97D2 /* KCItemList.m */ = {isa = PBXFileReference; fileEncoding = 4; lastKnownFileType = sourcecode.c.objc; path = KCItemList.m; sourceTree = "<group>"; };
		C3BCBBCF1B6ABAEC001B97D2 /* KCItem.h */ = {isa = PBXFileReference; fileEncoding = 4; lastKnownFileType = sourcecode.c.h; path = KCItem.h; sourceTree = "<group>"; };
		C3BCBBD01B6ABAEC001B97D2 /* KCItem.m */ = {isa = PBXFileReference; fileEncoding = 4; lastKnownFileType = sourcecode.c.objc; path = KCItem.m; sourceTree = "<group>"; };
		C3BCBBD51B6AD540001B97D2 /* CartViewController.h */ = {isa = PBXFileReference; fileEncoding = 4; lastKnownFileType = sourcecode.c.h; path = CartViewController.h; sourceTree = "<group>"; };
		C3BCBBD61B6AD540001B97D2 /* CartViewController.m */ = {isa = PBXFileReference; fileEncoding = 4; lastKnownFileType = sourcecode.c.objc; path = CartViewController.m; sourceTree = "<group>"; };
		C3BCBBD81B6ADC92001B97D2 /* CartTableViewCell.h */ = {isa = PBXFileReference; fileEncoding = 4; lastKnownFileType = sourcecode.c.h; path = CartTableViewCell.h; sourceTree = "<group>"; };
		C3BCBBD91B6ADC92001B97D2 /* CartTableViewCell.m */ = {isa = PBXFileReference; fileEncoding = 4; lastKnownFileType = sourcecode.c.objc; path = CartTableViewCell.m; sourceTree = "<group>"; };
		C3C773F01B6CBDA6003DF48B /* EventViewController.h */ = {isa = PBXFileReference; fileEncoding = 4; lastKnownFileType = sourcecode.c.h; path = EventViewController.h; sourceTree = "<group>"; };
		C3C773F11B6CBDA6003DF48B /* EventViewController.m */ = {isa = PBXFileReference; fileEncoding = 4; lastKnownFileType = sourcecode.c.objc; path = EventViewController.m; sourceTree = "<group>"; };
		C3CF65061B674F7C00167D70 /* The Knights Club.app */ = {isa = PBXFileReference; explicitFileType = wrapper.application; includeInIndex = 0; path = "The Knights Club.app"; sourceTree = BUILT_PRODUCTS_DIR; };
		C3CF650A1B674F7C00167D70 /* Info.plist */ = {isa = PBXFileReference; lastKnownFileType = text.plist.xml; path = Info.plist; sourceTree = "<group>"; };
		C3CF650B1B674F7C00167D70 /* main.m */ = {isa = PBXFileReference; lastKnownFileType = sourcecode.c.objc; path = main.m; sourceTree = "<group>"; };
		C3CF650D1B674F7C00167D70 /* AppDelegate.h */ = {isa = PBXFileReference; lastKnownFileType = sourcecode.c.h; path = AppDelegate.h; sourceTree = "<group>"; };
		C3CF650E1B674F7C00167D70 /* AppDelegate.m */ = {isa = PBXFileReference; lastKnownFileType = sourcecode.c.objc; path = AppDelegate.m; sourceTree = "<group>"; };
		C3CF65141B674F7C00167D70 /* Base */ = {isa = PBXFileReference; lastKnownFileType = file.storyboard; name = Base; path = Base.lproj/Main.storyboard; sourceTree = "<group>"; };
		C3CF65161B674F7C00167D70 /* Images.xcassets */ = {isa = PBXFileReference; lastKnownFileType = folder.assetcatalog; path = Images.xcassets; sourceTree = "<group>"; };
		C3CF65191B674F7C00167D70 /* Base */ = {isa = PBXFileReference; lastKnownFileType = file.xib; name = Base; path = Base.lproj/LaunchScreen.xib; sourceTree = "<group>"; };
		C3CF651F1B674F7C00167D70 /* The Knights ClubTests.xctest */ = {isa = PBXFileReference; explicitFileType = wrapper.cfbundle; includeInIndex = 0; path = "The Knights ClubTests.xctest"; sourceTree = BUILT_PRODUCTS_DIR; };
		C3CF65241B674F7C00167D70 /* Info.plist */ = {isa = PBXFileReference; lastKnownFileType = text.plist.xml; path = Info.plist; sourceTree = "<group>"; };
		C3CF65251B674F7C00167D70 /* The_Knights_ClubTests.m */ = {isa = PBXFileReference; lastKnownFileType = sourcecode.c.objc; path = The_Knights_ClubTests.m; sourceTree = "<group>"; };
		C3CF65361B675C4000167D70 /* SignInViewController.h */ = {isa = PBXFileReference; fileEncoding = 4; lastKnownFileType = sourcecode.c.h; path = SignInViewController.h; sourceTree = "<group>"; };
		C3CF65371B675C4000167D70 /* SignInViewController.m */ = {isa = PBXFileReference; fileEncoding = 4; lastKnownFileType = sourcecode.c.objc; path = SignInViewController.m; sourceTree = "<group>"; };
		C3CF65391B675C5C00167D70 /* SignUpViewController.h */ = {isa = PBXFileReference; fileEncoding = 4; lastKnownFileType = sourcecode.c.h; path = SignUpViewController.h; sourceTree = "<group>"; };
		C3CF653A1B675C5C00167D70 /* SignUpViewController.m */ = {isa = PBXFileReference; fileEncoding = 4; lastKnownFileType = sourcecode.c.objc; path = SignUpViewController.m; sourceTree = "<group>"; };
		C3CF653C1B67E54A00167D70 /* KCCustomer.h */ = {isa = PBXFileReference; fileEncoding = 4; lastKnownFileType = sourcecode.c.h; path = KCCustomer.h; sourceTree = "<group>"; };
		C3CF653D1B67E54A00167D70 /* KCCustomer.m */ = {isa = PBXFileReference; fileEncoding = 4; lastKnownFileType = sourcecode.c.objc; path = KCCustomer.m; sourceTree = "<group>"; };
		C3CF653F1B67E85C00167D70 /* KCConnectCustomer.h */ = {isa = PBXFileReference; fileEncoding = 4; lastKnownFileType = sourcecode.c.h; path = KCConnectCustomer.h; sourceTree = "<group>"; };
		C3CF65401B67E85C00167D70 /* KCConnectCustomer.m */ = {isa = PBXFileReference; fileEncoding = 4; lastKnownFileType = sourcecode.c.objc; path = KCConnectCustomer.m; sourceTree = "<group>"; };
		C3CF65421B67F52500167D70 /* MenuViewController.h */ = {isa = PBXFileReference; fileEncoding = 4; lastKnownFileType = sourcecode.c.h; path = MenuViewController.h; sourceTree = "<group>"; };
		C3CF65431B67F52500167D70 /* MenuViewController.m */ = {isa = PBXFileReference; fileEncoding = 4; lastKnownFileType = sourcecode.c.objc; path = MenuViewController.m; sourceTree = "<group>"; };
		C3CF65451B6802EE00167D70 /* MenuTableViewCell.h */ = {isa = PBXFileReference; fileEncoding = 4; lastKnownFileType = sourcecode.c.h; path = MenuTableViewCell.h; sourceTree = "<group>"; };
		C3CF65461B6802EE00167D70 /* MenuTableViewCell.m */ = {isa = PBXFileReference; fileEncoding = 4; lastKnownFileType = sourcecode.c.objc; path = MenuTableViewCell.m; sourceTree = "<group>"; };
/* End PBXFileReference section */

/* Begin PBXFrameworksBuildPhase section */
		C3CF65031B674F7C00167D70 /* Frameworks */ = {
			isa = PBXFrameworksBuildPhase;
			buildActionMask = 2147483647;
			files = (
			);
			runOnlyForDeploymentPostprocessing = 0;
		};
		C3CF651C1B674F7C00167D70 /* Frameworks */ = {
			isa = PBXFrameworksBuildPhase;
			buildActionMask = 2147483647;
			files = (
			);
			runOnlyForDeploymentPostprocessing = 0;
		};
/* End PBXFrameworksBuildPhase section */

/* Begin PBXGroup section */
		C383B5981B7735F600DD280D /* KC UIElement */ = {
			isa = PBXGroup;
			children = (
				C3CF65451B6802EE00167D70 /* MenuTableViewCell.h */,
				C3CF65461B6802EE00167D70 /* MenuTableViewCell.m */,
				C35529361B6B63AC0093D62C /* CustomerViewTableViewCell.h */,
				C35529371B6B63AC0093D62C /* CustomerViewTableViewCell.m */,
				C3A0754F1B70D72E0082540E /* OrderPresentTableViewCell.h */,
				C3A075501B70D72E0082540E /* OrderPresentTableViewCell.m */,
				C35529321B6B55D70093D62C /* DismissFatherViewController.h */,
				C3BCBBD81B6ADC92001B97D2 /* CartTableViewCell.h */,
				C3BCBBD91B6ADC92001B97D2 /* CartTableViewCell.m */,
				C35529311B6B3EDA0093D62C /* DetailBackToCartRefresh.h */,
				C3A075371B6E358F0082540E /* PaymentTableViewCell.h */,
				C3A075381B6E358F0082540E /* PaymentTableViewCell.m */,
				C383B5B81B7B210200DD280D /* RefreshViewControllerProtocol.h */,
			);
			name = "KC UIElement";
			sourceTree = "<group>";
		};
		C3C773EF1B6CBD77003DF48B /* KC Event */ = {
			isa = PBXGroup;
			children = (
				C3C773F01B6CBDA6003DF48B /* EventViewController.h */,
				C3C773F11B6CBDA6003DF48B /* EventViewController.m */,
			);
			name = "KC Event";
			sourceTree = "<group>";
		};
		C3CF64FD1B674F7C00167D70 = {
			isa = PBXGroup;
			children = (
				C383B5981B7735F600DD280D /* KC UIElement */,
				C3C773EF1B6CBD77003DF48B /* KC Event */,
				C3CF65351B675C0500167D70 /* KC Abstract */,
				C3CF65341B67505F00167D70 /* KC Pay */,
				C3CF65331B67505700167D70 /* KC Cart */,
				C3CF65311B67500D00167D70 /* KC Customer */,
				C3CF65301B674FF400167D70 /* KC Sign In */,
				C3CF652F1B674FCD00167D70 /* KC Menu */,
				C3CF65081B674F7C00167D70 /* The Knights Club */,
				C3CF65221B674F7C00167D70 /* The Knights ClubTests */,
				C3CF65071B674F7C00167D70 /* Products */,
			);
			sourceTree = "<group>";
		};
		C3CF65071B674F7C00167D70 /* Products */ = {
			isa = PBXGroup;
			children = (
				C3CF65061B674F7C00167D70 /* The Knights Club.app */,
				C3CF651F1B674F7C00167D70 /* The Knights ClubTests.xctest */,
			);
			name = Products;
			sourceTree = "<group>";
		};
		C3CF65081B674F7C00167D70 /* The Knights Club */ = {
			isa = PBXGroup;
			children = (
				C3CF650D1B674F7C00167D70 /* AppDelegate.h */,
				C3CF650E1B674F7C00167D70 /* AppDelegate.m */,
				C3CF65131B674F7C00167D70 /* Main.storyboard */,
				C3CF65161B674F7C00167D70 /* Images.xcassets */,
				C3CF65181B674F7C00167D70 /* LaunchScreen.xib */,
				C3CF65091B674F7C00167D70 /* Supporting Files */,
			);
			path = "The Knights Club";
			sourceTree = "<group>";
		};
		C3CF65091B674F7C00167D70 /* Supporting Files */ = {
			isa = PBXGroup;
			children = (
				C3CF650A1B674F7C00167D70 /* Info.plist */,
				C3CF650B1B674F7C00167D70 /* main.m */,
			);
			name = "Supporting Files";
			sourceTree = "<group>";
		};
		C3CF65221B674F7C00167D70 /* The Knights ClubTests */ = {
			isa = PBXGroup;
			children = (
				C3CF65251B674F7C00167D70 /* The_Knights_ClubTests.m */,
				C3CF65231B674F7C00167D70 /* Supporting Files */,
			);
			path = "The Knights ClubTests";
			sourceTree = "<group>";
		};
		C3CF65231B674F7C00167D70 /* Supporting Files */ = {
			isa = PBXGroup;
			children = (
				C3CF65241B674F7C00167D70 /* Info.plist */,
			);
			name = "Supporting Files";
			sourceTree = "<group>";
		};
		C3CF652F1B674FCD00167D70 /* KC Menu */ = {
			isa = PBXGroup;
			children = (
				C3CF65421B67F52500167D70 /* MenuViewController.h */,
				C3CF65431B67F52500167D70 /* MenuViewController.m */,
				C3BCBBB81B698D58001B97D2 /* SearchMenuViewController.h */,
				C3BCBBB91B698D58001B97D2 /* SearchMenuViewController.m */,
				C3BCBBBE1B69AB9F001B97D2 /* MenuDetailViewController.h */,
				C3BCBBBF1B69AB9F001B97D2 /* MenuDetailViewController.m */,
				C3BCBBC71B69E00F001B97D2 /* DishDetailScrllViewController.h */,
				C3BCBBC81B69E00F001B97D2 /* DishDetailScrllViewController.m */,
			);
			name = "KC Menu";
			sourceTree = "<group>";
		};
		C3CF65301B674FF400167D70 /* KC Sign In */ = {
			isa = PBXGroup;
			children = (
				C3CF65361B675C4000167D70 /* SignInViewController.h */,
				C3CF65371B675C4000167D70 /* SignInViewController.m */,
				C3CF65391B675C5C00167D70 /* SignUpViewController.h */,
				C3CF653A1B675C5C00167D70 /* SignUpViewController.m */,
			);
			name = "KC Sign In";
			sourceTree = "<group>";
		};
		C3CF65311B67500D00167D70 /* KC Customer */ = {
			isa = PBXGroup;
			children = (
				C3A0754C1B70D7040082540E /* OrderPresentViewController.h */,
				C3A0754D1B70D7040082540E /* OrderPresentViewController.m */,
				C355293B1B6B64F60093D62C /* CustomerViewController.h */,
				C355293C1B6B64F60093D62C /* CustomerViewController.m */,
				C3A075521B70E91D0082540E /* OrderDetailViewController.h */,
				C3A075531B70E91D0082540E /* OrderDetailViewController.m */,
			);
			name = "KC Customer";
			sourceTree = "<group>";
		};
		C3CF65331B67505700167D70 /* KC Cart */ = {
			isa = PBXGroup;
			children = (
				C3BCBBD51B6AD540001B97D2 /* CartViewController.h */,
				C3BCBBD61B6AD540001B97D2 /* CartViewController.m */,
			);
			name = "KC Cart";
			sourceTree = "<group>";
		};
		C3CF65341B67505F00167D70 /* KC Pay */ = {
			isa = PBXGroup;
			children = (
				C3A074E41B6CE4F60082540E /* PaymentViewController.h */,
				C3A074E51B6CE4F60082540E /* PaymentViewController.m */,
			);
			name = "KC Pay";
			sourceTree = "<group>";
		};
		C3CF65351B675C0500167D70 /* KC Abstract */ = {
			isa = PBXGroup;
			children = (
				C3A075EC1B73806A0082540E /* KCQRCodeHandler.h */,
				C3A075ED1B73806A0082540E /* KCQRCodeHandler.m */,
				C3A0753A1B6E44160082540E /* KCConnectOrder.h */,
				C3A0753B1B6E44160082540E /* KCConnectOrder.m */,
				C3CF653C1B67E54A00167D70 /* KCCustomer.h */,
				C3CF653D1B67E54A00167D70 /* KCCustomer.m */,
				C3CF653F1B67E85C00167D70 /* KCConnectCustomer.h */,
				C3CF65401B67E85C00167D70 /* KCConnectCustomer.m */,
				C3BCBBB21B688ECA001B97D2 /* KCDish.h */,
				C3BCBBB31B688ECA001B97D2 /* KCDish.m */,
				C3BCBBB51B688F90001B97D2 /* KCConnectDish.h */,
				C3BCBBB61B688F90001B97D2 /* KCConnectDish.m */,
				C3BCBBCC1B6ABADD001B97D2 /* KCItemList.h */,
				C3BCBBCD1B6ABADD001B97D2 /* KCItemList.m */,
				C3A074E11B6CCDF50082540E /* KCOrder.h */,
				C3A074E21B6CCDF50082540E /* KCOrder.m */,
				C3BCBBCF1B6ABAEC001B97D2 /* KCItem.h */,
				C3BCBBD01B6ABAEC001B97D2 /* KCItem.m */,
				C35529331B6B5AB10093D62C /* KCImageHandler.h */,
				C35529341B6B5AB10093D62C /* KCImageHandler.m */,
				C35529411B6C03E60093D62C /* KCItemListHandler.h */,
				C35529421B6C03E60093D62C /* KCItemListHandler.m */,
				C355293E1B6B66A70093D62C /* KCCustomerHandler.h */,
				C355293F1B6B66A70093D62C /* KCCustomerHandler.m */,
				C383B5C31B7B519300DD280D /* KCMenuHandler.h */,
				C383B5C41B7B519300DD280D /* KCMenuHandler.m */,
			);
			name = "KC Abstract";
			sourceTree = "<group>";
		};
/* End PBXGroup section */

/* Begin PBXNativeTarget section */
		C3CF65051B674F7C00167D70 /* The Knights Club */ = {
			isa = PBXNativeTarget;
			buildConfigurationList = C3CF65291B674F7C00167D70 /* Build configuration list for PBXNativeTarget "The Knights Club" */;
			buildPhases = (
				C3CF65021B674F7C00167D70 /* Sources */,
				C3CF65031B674F7C00167D70 /* Frameworks */,
				C3CF65041B674F7C00167D70 /* Resources */,
			);
			buildRules = (
			);
			dependencies = (
			);
			name = "The Knights Club";
			productName = "The Knights Club";
			productReference = C3CF65061B674F7C00167D70 /* The Knights Club.app */;
			productType = "com.apple.product-type.application";
		};
		C3CF651E1B674F7C00167D70 /* The Knights ClubTests */ = {
			isa = PBXNativeTarget;
			buildConfigurationList = C3CF652C1B674F7C00167D70 /* Build configuration list for PBXNativeTarget "The Knights ClubTests" */;
			buildPhases = (
				C3CF651B1B674F7C00167D70 /* Sources */,
				C3CF651C1B674F7C00167D70 /* Frameworks */,
				C3CF651D1B674F7C00167D70 /* Resources */,
			);
			buildRules = (
			);
			dependencies = (
				C3CF65211B674F7C00167D70 /* PBXTargetDependency */,
			);
			name = "The Knights ClubTests";
			productName = "The Knights ClubTests";
			productReference = C3CF651F1B674F7C00167D70 /* The Knights ClubTests.xctest */;
			productType = "com.apple.product-type.bundle.unit-test";
		};
/* End PBXNativeTarget section */

/* Begin PBXProject section */
		C3CF64FE1B674F7C00167D70 /* Project object */ = {
			isa = PBXProject;
			attributes = {
				LastUpgradeCheck = 0640;
				ORGANIZATIONNAME = "Gannon University";
				TargetAttributes = {
					C3CF65051B674F7C00167D70 = {
						CreatedOnToolsVersion = 6.4;
						SystemCapabilities = {
							com.apple.Keychain = {
								enabled = 0;
							};
						};
					};
					C3CF651E1B674F7C00167D70 = {
						CreatedOnToolsVersion = 6.4;
						TestTargetID = C3CF65051B674F7C00167D70;
					};
				};
			};
			buildConfigurationList = C3CF65011B674F7C00167D70 /* Build configuration list for PBXProject "The Knights Club" */;
			compatibilityVersion = "Xcode 3.2";
			developmentRegion = English;
			hasScannedForEncodings = 0;
			knownRegions = (
				en,
				Base,
			);
			mainGroup = C3CF64FD1B674F7C00167D70;
			productRefGroup = C3CF65071B674F7C00167D70 /* Products */;
			projectDirPath = "";
			projectRoot = "";
			targets = (
				C3CF65051B674F7C00167D70 /* The Knights Club */,
				C3CF651E1B674F7C00167D70 /* The Knights ClubTests */,
			);
		};
/* End PBXProject section */

/* Begin PBXResourcesBuildPhase section */
		C3CF65041B674F7C00167D70 /* Resources */ = {
			isa = PBXResourcesBuildPhase;
			buildActionMask = 2147483647;
			files = (
				C3CF65151B674F7C00167D70 /* Main.storyboard in Resources */,
				C3CF651A1B674F7C00167D70 /* LaunchScreen.xib in Resources */,
				C3CF65171B674F7C00167D70 /* Images.xcassets in Resources */,
			);
			runOnlyForDeploymentPostprocessing = 0;
		};
		C3CF651D1B674F7C00167D70 /* Resources */ = {
			isa = PBXResourcesBuildPhase;
			buildActionMask = 2147483647;
			files = (
			);
			runOnlyForDeploymentPostprocessing = 0;
		};
/* End PBXResourcesBuildPhase section */

/* Begin PBXSourcesBuildPhase section */
		C3CF65021B674F7C00167D70 /* Sources */ = {
			isa = PBXSourcesBuildPhase;
			buildActionMask = 2147483647;
			files = (
				C3BCBBD11B6ABAEC001B97D2 /* KCItem.m in Sources */,
				C3BCBBDA1B6ADC92001B97D2 /* CartTableViewCell.m in Sources */,
				C35529401B6B66A70093D62C /* KCCustomerHandler.m in Sources */,
				C3A0753C1B6E44160082540E /* KCConnectOrder.m in Sources */,
				C3CF650F1B674F7C00167D70 /* AppDelegate.m in Sources */,
				C3BCBBCA1B69E00F001B97D2 /* DishDetailScrllViewController.m in Sources */,
				C3A075391B6E358F0082540E /* PaymentTableViewCell.m in Sources */,
				C3BCBBB41B688ECA001B97D2 /* KCDish.m in Sources */,
				C3BCBBB71B688F90001B97D2 /* KCConnectDish.m in Sources */,
				C3A074E61B6CE4F60082540E /* PaymentViewController.m in Sources */,
				C3A075511B70D72E0082540E /* OrderPresentTableViewCell.m in Sources */,
				C3CF65381B675C4000167D70 /* SignInViewController.m in Sources */,
				C383B5C51B7B519300DD280D /* KCMenuHandler.m in Sources */,
				C355293D1B6B64F60093D62C /* CustomerViewController.m in Sources */,
				C3C773F31B6CBDA6003DF48B /* EventViewController.m in Sources */,
				C3BCBBCE1B6ABADD001B97D2 /* KCItemList.m in Sources */,
				C3A074E31B6CCDF50082540E /* KCOrder.m in Sources */,
				C3CF65411B67E85C00167D70 /* KCConnectCustomer.m in Sources */,
				C3BCBBBA1B698D58001B97D2 /* SearchMenuViewController.m in Sources */,
				C3CF653E1B67E54A00167D70 /* KCCustomer.m in Sources */,
				C3BCBBC01B69AB9F001B97D2 /* MenuDetailViewController.m in Sources */,
				C3CF65441B67F52500167D70 /* MenuViewController.m in Sources */,
				C3CF653B1B675C5C00167D70 /* SignUpViewController.m in Sources */,
				C3A075EE1B73806A0082540E /* KCQRCodeHandler.m in Sources */,
				C35529391B6B63AC0093D62C /* CustomerViewTableViewCell.m in Sources */,
				C3A075541B70E91D0082540E /* OrderDetailViewController.m in Sources */,
				C3BCBBD71B6AD540001B97D2 /* CartViewController.m in Sources */,
				C3CF65471B6802EE00167D70 /* MenuTableViewCell.m in Sources */,
				C3A0754E1B70D7040082540E /* OrderPresentViewController.m in Sources */,
				C35529351B6B5AB10093D62C /* KCImageHandler.m in Sources */,
				C35529431B6C03E60093D62C /* KCItemListHandler.m in Sources */,
				C3CF650C1B674F7C00167D70 /* main.m in Sources */,
			);
			runOnlyForDeploymentPostprocessing = 0;
		};
		C3CF651B1B674F7C00167D70 /* Sources */ = {
			isa = PBXSourcesBuildPhase;
			buildActionMask = 2147483647;
			files = (
				C3CF65261B674F7C00167D70 /* The_Knights_ClubTests.m in Sources */,
			);
			runOnlyForDeploymentPostprocessing = 0;
		};
/* End PBXSourcesBuildPhase section */

/* Begin PBXTargetDependency section */
		C3CF65211B674F7C00167D70 /* PBXTargetDependency */ = {
			isa = PBXTargetDependency;
			target = C3CF65051B674F7C00167D70 /* The Knights Club */;
			targetProxy = C3CF65201B674F7C00167D70 /* PBXContainerItemProxy */;
		};
/* End PBXTargetDependency section */

/* Begin PBXVariantGroup section */
		C3CF65131B674F7C00167D70 /* Main.storyboard */ = {
			isa = PBXVariantGroup;
			children = (
				C3CF65141B674F7C00167D70 /* Base */,
			);
			name = Main.storyboard;
			sourceTree = "<group>";
		};
		C3CF65181B674F7C00167D70 /* LaunchScreen.xib */ = {
			isa = PBXVariantGroup;
			children = (
				C3CF65191B674F7C00167D70 /* Base */,
			);
			name = LaunchScreen.xib;
			sourceTree = "<group>";
		};
/* End PBXVariantGroup section */

/* Begin XCBuildConfiguration section */
		C3CF65271B674F7C00167D70 /* Debug */ = {
			isa = XCBuildConfiguration;
			buildSettings = {
				ALWAYS_SEARCH_USER_PATHS = NO;
				CLANG_CXX_LANGUAGE_STANDARD = "gnu++0x";
				CLANG_CXX_LIBRARY = "libc++";
				CLANG_ENABLE_MODULES = YES;
				CLANG_ENABLE_OBJC_ARC = YES;
				CLANG_WARN_BOOL_CONVERSION = YES;
				CLANG_WARN_CONSTANT_CONVERSION = YES;
				CLANG_WARN_DIRECT_OBJC_ISA_USAGE = YES_ERROR;
				CLANG_WARN_EMPTY_BODY = YES;
				CLANG_WARN_ENUM_CONVERSION = YES;
				CLANG_WARN_INT_CONVERSION = YES;
				CLANG_WARN_OBJC_ROOT_CLASS = YES_ERROR;
				CLANG_WARN_UNREACHABLE_CODE = YES;
				CLANG_WARN__DUPLICATE_METHOD_MATCH = YES;
				"CODE_SIGN_IDENTITY[sdk=iphoneos*]" = "iPhone Developer";
				COPY_PHASE_STRIP = NO;
				DEBUG_INFORMATION_FORMAT = "dwarf-with-dsym";
				ENABLE_STRICT_OBJC_MSGSEND = YES;
				GCC_C_LANGUAGE_STANDARD = gnu99;
				GCC_DYNAMIC_NO_PIC = NO;
				GCC_NO_COMMON_BLOCKS = YES;
				GCC_OPTIMIZATION_LEVEL = 0;
				GCC_PREPROCESSOR_DEFINITIONS = (
					"DEBUG=1",
					"$(inherited)",
				);
				GCC_SYMBOLS_PRIVATE_EXTERN = NO;
				GCC_WARN_64_TO_32_BIT_CONVERSION = YES;
				GCC_WARN_ABOUT_RETURN_TYPE = YES_ERROR;
				GCC_WARN_UNDECLARED_SELECTOR = YES;
				GCC_WARN_UNINITIALIZED_AUTOS = YES_AGGRESSIVE;
				GCC_WARN_UNUSED_FUNCTION = YES;
				GCC_WARN_UNUSED_VARIABLE = YES;
				IPHONEOS_DEPLOYMENT_TARGET = 8.4;
				MTL_ENABLE_DEBUG_INFO = YES;
				ONLY_ACTIVE_ARCH = YES;
				SDKROOT = iphoneos;
			};
			name = Debug;
		};
		C3CF65281B674F7C00167D70 /* Release */ = {
			isa = XCBuildConfiguration;
			buildSettings = {
				ALWAYS_SEARCH_USER_PATHS = NO;
				CLANG_CXX_LANGUAGE_STANDARD = "gnu++0x";
				CLANG_CXX_LIBRARY = "libc++";
				CLANG_ENABLE_MODULES = YES;
				CLANG_ENABLE_OBJC_ARC = YES;
				CLANG_WARN_BOOL_CONVERSION = YES;
				CLANG_WARN_CONSTANT_CONVERSION = YES;
				CLANG_WARN_DIRECT_OBJC_ISA_USAGE = YES_ERROR;
				CLANG_WARN_EMPTY_BODY = YES;
				CLANG_WARN_ENUM_CONVERSION = YES;
				CLANG_WARN_INT_CONVERSION = YES;
				CLANG_WARN_OBJC_ROOT_CLASS = YES_ERROR;
				CLANG_WARN_UNREACHABLE_CODE = YES;
				CLANG_WARN__DUPLICATE_METHOD_MATCH = YES;
				"CODE_SIGN_IDENTITY[sdk=iphoneos*]" = "iPhone Developer";
				COPY_PHASE_STRIP = NO;
				DEBUG_INFORMATION_FORMAT = "dwarf-with-dsym";
				ENABLE_NS_ASSERTIONS = NO;
				ENABLE_STRICT_OBJC_MSGSEND = YES;
				GCC_C_LANGUAGE_STANDARD = gnu99;
				GCC_NO_COMMON_BLOCKS = YES;
				GCC_WARN_64_TO_32_BIT_CONVERSION = YES;
				GCC_WARN_ABOUT_RETURN_TYPE = YES_ERROR;
				GCC_WARN_UNDECLARED_SELECTOR = YES;
				GCC_WARN_UNINITIALIZED_AUTOS = YES_AGGRESSIVE;
				GCC_WARN_UNUSED_FUNCTION = YES;
				GCC_WARN_UNUSED_VARIABLE = YES;
				IPHONEOS_DEPLOYMENT_TARGET = 8.4;
				MTL_ENABLE_DEBUG_INFO = NO;
				SDKROOT = iphoneos;
				VALIDATE_PRODUCT = YES;
			};
			name = Release;
		};
		C3CF652A1B674F7C00167D70 /* Debug */ = {
			isa = XCBuildConfiguration;
			buildSettings = {
				ASSETCATALOG_COMPILER_APPICON_NAME = AppIcon;
				CODE_SIGN_IDENTITY = "iPhone Developer";
				"CODE_SIGN_IDENTITY[sdk=iphoneos*]" = "iPhone Developer";
				FRAMEWORK_SEARCH_PATHS = (
					"$(inherited)",
					"$(PROJECT_DIR)",
				);
				INFOPLIST_FILE = "The Knights Club/Info.plist";
				LD_RUNPATH_SEARCH_PATHS = "$(inherited) @executable_path/Frameworks";
				PRODUCT_NAME = "$(TARGET_NAME)";
				PROVISIONING_PROFILE = "";
				TARGETED_DEVICE_FAMILY = 1;
			};
			name = Debug;
		};
		C3CF652B1B674F7C00167D70 /* Release */ = {
			isa = XCBuildConfiguration;
			buildSettings = {
				ASSETCATALOG_COMPILER_APPICON_NAME = AppIcon;
				CODE_SIGN_IDENTITY = "iPhone Developer";
				"CODE_SIGN_IDENTITY[sdk=iphoneos*]" = "iPhone Developer";
				FRAMEWORK_SEARCH_PATHS = (
					"$(inherited)",
					"$(PROJECT_DIR)",
				);
				INFOPLIST_FILE = "The Knights Club/Info.plist";
				LD_RUNPATH_SEARCH_PATHS = "$(inherited) @executable_path/Frameworks";
				PRODUCT_NAME = "$(TARGET_NAME)";
				PROVISIONING_PROFILE = "";
				TARGETED_DEVICE_FAMILY = 1;
			};
			name = Release;
		};
		C3CF652D1B674F7C00167D70 /* Debug */ = {
			isa = XCBuildConfiguration;
			buildSettings = {
				BUNDLE_LOADER = "$(TEST_HOST)";
				FRAMEWORK_SEARCH_PATHS = (
					"$(SDKROOT)/Developer/Library/Frameworks",
					"$(inherited)",
				);
				GCC_PREPROCESSOR_DEFINITIONS = (
					"DEBUG=1",
					"$(inherited)",
				);
				INFOPLIST_FILE = "The Knights ClubTests/Info.plist";
				LD_RUNPATH_SEARCH_PATHS = "$(inherited) @executable_path/Frameworks @loader_path/Frameworks";
				PRODUCT_NAME = "$(TARGET_NAME)";
				TEST_HOST = "$(BUILT_PRODUCTS_DIR)/The Knights Club.app/The Knights Club";
			};
			name = Debug;
		};
		C3CF652E1B674F7C00167D70 /* Release */ = {
			isa = XCBuildConfiguration;
			buildSettings = {
				BUNDLE_LOADER = "$(TEST_HOST)";
				FRAMEWORK_SEARCH_PATHS = (
					"$(SDKROOT)/Developer/Library/Frameworks",
					"$(inherited)",
				);
				INFOPLIST_FILE = "The Knights ClubTests/Info.plist";
				LD_RUNPATH_SEARCH_PATHS = "$(inherited) @executable_path/Frameworks @loader_path/Frameworks";
				PRODUCT_NAME = "$(TARGET_NAME)";
				TEST_HOST = "$(BUILT_PRODUCTS_DIR)/The Knights Club.app/The Knights Club";
			};
			name = Release;
		};
/* End XCBuildConfiguration section */

/* Begin XCConfigurationList section */
		C3CF65011B674F7C00167D70 /* Build configuration list for PBXProject "The Knights Club" */ = {
			isa = XCConfigurationList;
			buildConfigurations = (
				C3CF65271B674F7C00167D70 /* Debug */,
				C3CF65281B674F7C00167D70 /* Release */,
			);
			defaultConfigurationIsVisible = 0;
			defaultConfigurationName = Release;
		};
		C3CF65291B674F7C00167D70 /* Build configuration list for PBXNativeTarget "The Knights Club" */ = {
			isa = XCConfigurationList;
			buildConfigurations = (
				C3CF652A1B674F7C00167D70 /* Debug */,
				C3CF652B1B674F7C00167D70 /* Release */,
			);
			defaultConfigurationIsVisible = 0;
			defaultConfigurationName = Release;
		};
		C3CF652C1B674F7C00167D70 /* Build configuration list for PBXNativeTarget "The Knights ClubTests" */ = {
			isa = XCConfigurationList;
			buildConfigurations = (
				C3CF652D1B674F7C00167D70 /* Debug */,
				C3CF652E1B674F7C00167D70 /* Release */,
			);
			defaultConfigurationIsVisible = 0;
			defaultConfigurationName = Release;
		};
/* End XCConfigurationList section */
	};
	rootObject = C3CF64FE1B674F7C00167D70 /* Project object */;
}
