// !$*UTF8*$!
{
	archiveVersion = 1;
	classes = {
	};
	objectVersion = 46;
	objects = {

/* Begin PBXBuildFile section */
		C3BCBBB41B688ECA001B97D2 /* KCDish.m in Sources */ = {isa = PBXBuildFile; fileRef = C3BCBBB31B688ECA001B97D2 /* KCDish.m */; };
		C3BCBBB71B688F90001B97D2 /* KCConnectDish.m in Sources */ = {isa = PBXBuildFile; fileRef = C3BCBBB61B688F90001B97D2 /* KCConnectDish.m */; };
		C3BCBBBA1B698D58001B97D2 /* SearchMenuViewController.m in Sources */ = {isa = PBXBuildFile; fileRef = C3BCBBB91B698D58001B97D2 /* SearchMenuViewController.m */; };
		C3BCBBBD1B6990A1001B97D2 /* KCSelectedItem.m in Sources */ = {isa = PBXBuildFile; fileRef = C3BCBBBC1B6990A1001B97D2 /* KCSelectedItem.m */; };
		C3BCBBC01B69AB9F001B97D2 /* MenuDetailViewController.m in Sources */ = {isa = PBXBuildFile; fileRef = C3BCBBBF1B69AB9F001B97D2 /* MenuDetailViewController.m */; };
		C3CF650C1B674F7C00167D70 /* main.m in Sources */ = {isa = PBXBuildFile; fileRef = C3CF650B1B674F7C00167D70 /* main.m */; };
		C3CF650F1B674F7C00167D70 /* AppDelegate.m in Sources */ = {isa = PBXBuildFile; fileRef = C3CF650E1B674F7C00167D70 /* AppDelegate.m */; };
		C3CF65151B674F7C00167D70 /* Main.storyboard in Resources */ = {isa = PBXBuildFile; fileRef = C3CF65131B674F7C00167D70 /* Main.storyboard */; };
		C3CF65171B674F7C00167D70 /* Images.xcassets in Resources */ = {isa = PBXBuildFile; fileRef = C3CF65161B674F7C00167D70 /* Images.xcassets */; };
		C3CF651A1B674F7C00167D70 /* LaunchScreen.xib in Resources */ = {isa = PBXBuildFile; fileRef = C3CF65181B674F7C00167D70 /* LaunchScreen.xib */; };
		C3CF65261B674F7C00167D70 /* The_Knights_ClubTests.m in Sources */ = {isa = PBXBuildFile; fileRef = C3CF65251B674F7C00167D70 /* The_Knights_ClubTests.m */; };
		C3CF65381B675C4000167D70 /* SignInViewController.m in Sources */ = {isa = PBXBuildFile; fileRef = C3CF65371B675C4000167D70 /* SignInViewController.m */; };
		C3CF653B1B675C5C00167D70 /* SignUpViewController.m in Sources */ = {isa = PBXBuildFile; fileRef = C3CF653A1B675C5C00167D70 /* SignUpViewController.m */; };
		C3CF653E1B67E54A00167D70 /* KCCustomer.m in Sources */ = {isa = PBXBuildFile; fileRef = C3CF653D1B67E54A00167D70 /* KCCustomer.m */; };
		C3CF65411B67E85C00167D70 /* KCConnectCustomer.m in Sources */ = {isa = PBXBuildFile; fileRef = C3CF65401B67E85C00167D70 /* KCConnectCustomer.m */; };
		C3CF65441B67F52500167D70 /* MenuViewController.m in Sources */ = {isa = PBXBuildFile; fileRef = C3CF65431B67F52500167D70 /* MenuViewController.m */; };
		C3CF65471B6802EE00167D70 /* MenuTableViewCell.m in Sources */ = {isa = PBXBuildFile; fileRef = C3CF65461B6802EE00167D70 /* MenuTableViewCell.m */; };
/* End PBXBuildFile section */

/* Begin PBXContainerItemProxy section */
		C3CF65201B674F7C00167D70 /* PBXContainerItemProxy */ = {
			isa = PBXContainerItemProxy;
			containerPortal = C3CF64FE1B674F7C00167D70 /* Project object */;
			proxyType = 1;
			remoteGlobalIDString = C3CF65051B674F7C00167D70;
			remoteInfo = "The Knights Club";
		};
/* End PBXContainerItemProxy section */

/* Begin PBXFileReference section */
		C3BCBBB21B688ECA001B97D2 /* KCDish.h */ = {isa = PBXFileReference; fileEncoding = 4; lastKnownFileType = sourcecode.c.h; path = KCDish.h; sourceTree = "<group>"; };
		C3BCBBB31B688ECA001B97D2 /* KCDish.m */ = {isa = PBXFileReference; fileEncoding = 4; lastKnownFileType = sourcecode.c.objc; path = KCDish.m; sourceTree = "<group>"; };
		C3BCBBB51B688F90001B97D2 /* KCConnectDish.h */ = {isa = PBXFileReference; fileEncoding = 4; lastKnownFileType = sourcecode.c.h; path = KCConnectDish.h; sourceTree = "<group>"; };
		C3BCBBB61B688F90001B97D2 /* KCConnectDish.m */ = {isa = PBXFileReference; fileEncoding = 4; lastKnownFileType = sourcecode.c.objc; path = KCConnectDish.m; sourceTree = "<group>"; };
		C3BCBBB81B698D58001B97D2 /* SearchMenuViewController.h */ = {isa = PBXFileReference; fileEncoding = 4; lastKnownFileType = sourcecode.c.h; path = SearchMenuViewController.h; sourceTree = "<group>"; };
		C3BCBBB91B698D58001B97D2 /* SearchMenuViewController.m */ = {isa = PBXFileReference; fileEncoding = 4; lastKnownFileType = sourcecode.c.objc; path = SearchMenuViewController.m; sourceTree = "<group>"; };
		C3BCBBBB1B6990A1001B97D2 /* KCSelectedItem.h */ = {isa = PBXFileReference; fileEncoding = 4; lastKnownFileType = sourcecode.c.h; path = KCSelectedItem.h; sourceTree = "<group>"; };
		C3BCBBBC1B6990A1001B97D2 /* KCSelectedItem.m */ = {isa = PBXFileReference; fileEncoding = 4; lastKnownFileType = sourcecode.c.objc; path = KCSelectedItem.m; sourceTree = "<group>"; };
		C3BCBBBE1B69AB9F001B97D2 /* MenuDetailViewController.h */ = {isa = PBXFileReference; fileEncoding = 4; lastKnownFileType = sourcecode.c.h; path = MenuDetailViewController.h; sourceTree = "<group>"; };
		C3BCBBBF1B69AB9F001B97D2 /* MenuDetailViewController.m */ = {isa = PBXFileReference; fileEncoding = 4; lastKnownFileType = sourcecode.c.objc; path = MenuDetailViewController.m; sourceTree = "<group>"; };
		C3CF65061B674F7C00167D70 /* The Knights Club.app */ = {isa = PBXFileReference; explicitFileType = wrapper.application; includeInIndex = 0; path = "The Knights Club.app"; sourceTree = BUILT_PRODUCTS_DIR; };
		C3CF650A1B674F7C00167D70 /* Info.plist */ = {isa = PBXFileReference; lastKnownFileType = text.plist.xml; path = Info.plist; sourceTree = "<group>"; };
		C3CF650B1B674F7C00167D70 /* main.m */ = {isa = PBXFileReference; lastKnownFileType = sourcecode.c.objc; path = main.m; sourceTree = "<group>"; };
		C3CF650D1B674F7C00167D70 /* AppDelegate.h */ = {isa = PBXFileReference; lastKnownFileType = sourcecode.c.h; path = AppDelegate.h; sourceTree = "<group>"; };
		C3CF650E1B674F7C00167D70 /* AppDelegate.m */ = {isa = PBXFileReference; lastKnownFileType = sourcecode.c.objc; path = AppDelegate.m; sourceTree = "<group>"; };
		C3CF65141B674F7C00167D70 /* Base */ = {isa = PBXFileReference; lastKnownFileType = file.storyboard; name = Base; path = Base.lproj/Main.storyboard; sourceTree = "<group>"; };
		C3CF65161B674F7C00167D70 /* Images.xcassets */ = {isa = PBXFileReference; lastKnownFileType = folder.assetcatalog; path = Images.xcassets; sourceTree = "<group>"; };
		C3CF65191B674F7C00167D70 /* Base */ = {isa = PBXFileReference; lastKnownFileType = file.xib; name = Base; path = Base.lproj/LaunchScreen.xib; sourceTree = "<group>"; };
		C3CF651F1B674F7C00167D70 /* The Knights ClubTests.xctest */ = {isa = PBXFileReference; explicitFileType = wrapper.cfbundle; includeInIndex = 0; path = "The Knights ClubTests.xctest"; sourceTree = BUILT_PRODUCTS_DIR; };
		C3CF65241B674F7C00167D70 /* Info.plist */ = {isa = PBXFileReference; lastKnownFileType = text.plist.xml; path = Info.plist; sourceTree = "<group>"; };
		C3CF65251B674F7C00167D70 /* The_Knights_ClubTests.m */ = {isa = PBXFileReference; lastKnownFileType = sourcecode.c.objc; path = The_Knights_ClubTests.m; sourceTree = "<group>"; };
		C3CF65361B675C4000167D70 /* SignInViewController.h */ = {isa = PBXFileReference; fileEncoding = 4; lastKnownFileType = sourcecode.c.h; path = SignInViewController.h; sourceTree = "<group>"; };
		C3CF65371B675C4000167D70 /* SignInViewController.m */ = {isa = PBXFileReference; fileEncoding = 4; lastKnownFileType = sourcecode.c.objc; path = SignInViewController.m; sourceTree = "<group>"; };
		C3CF65391B675C5C00167D70 /* SignUpViewController.h */ = {isa = PBXFileReference; fileEncoding = 4; lastKnownFileType = sourcecode.c.h; path = SignUpViewController.h; sourceTree = "<group>"; };
		C3CF653A1B675C5C00167D70 /* SignUpViewController.m */ = {isa = PBXFileReference; fileEncoding = 4; lastKnownFileType = sourcecode.c.objc; path = SignUpViewController.m; sourceTree = "<group>"; };
		C3CF653C1B67E54A00167D70 /* KCCustomer.h */ = {isa = PBXFileReference; fileEncoding = 4; lastKnownFileType = sourcecode.c.h; path = KCCustomer.h; sourceTree = "<group>"; };
		C3CF653D1B67E54A00167D70 /* KCCustomer.m */ = {isa = PBXFileReference; fileEncoding = 4; lastKnownFileType = sourcecode.c.objc; path = KCCustomer.m; sourceTree = "<group>"; };
		C3CF653F1B67E85C00167D70 /* KCConnectCustomer.h */ = {isa = PBXFileReference; fileEncoding = 4; lastKnownFileType = sourcecode.c.h; path = KCConnectCustomer.h; sourceTree = "<group>"; };
		C3CF65401B67E85C00167D70 /* KCConnectCustomer.m */ = {isa = PBXFileReference; fileEncoding = 4; lastKnownFileType = sourcecode.c.objc; path = KCConnectCustomer.m; sourceTree = "<group>"; };
		C3CF65421B67F52500167D70 /* MenuViewController.h */ = {isa = PBXFileReference; fileEncoding = 4; lastKnownFileType = sourcecode.c.h; path = MenuViewController.h; sourceTree = "<group>"; };
		C3CF65431B67F52500167D70 /* MenuViewController.m */ = {isa = PBXFileReference; fileEncoding = 4; lastKnownFileType = sourcecode.c.objc; path = MenuViewController.m; sourceTree = "<group>"; };
		C3CF65451B6802EE00167D70 /* MenuTableViewCell.h */ = {isa = PBXFileReference; fileEncoding = 4; lastKnownFileType = sourcecode.c.h; path = MenuTableViewCell.h; sourceTree = "<group>"; };
		C3CF65461B6802EE00167D70 /* MenuTableViewCell.m */ = {isa = PBXFileReference; fileEncoding = 4; lastKnownFileType = sourcecode.c.objc; path = MenuTableViewCell.m; sourceTree = "<group>"; };
/* End PBXFileReference section */

/* Begin PBXFrameworksBuildPhase section */
		C3CF65031B674F7C00167D70 /* Frameworks */ = {
			isa = PBXFrameworksBuildPhase;
			buildActionMask = 2147483647;
			files = (
			);
			runOnlyForDeploymentPostprocessing = 0;
		};
		C3CF651C1B674F7C00167D70 /* Frameworks */ = {
			isa = PBXFrameworksBuildPhase;
			buildActionMask = 2147483647;
			files = (
			);
			runOnlyForDeploymentPostprocessing = 0;
		};
/* End PBXFrameworksBuildPhase section */

/* Begin PBXGroup section */
		C3CF64FD1B674F7C00167D70 = {
			isa = PBXGroup;
			children = (
				C3CF65351B675C0500167D70 /* KC Abstract */,
				C3CF65341B67505F00167D70 /* KC Pay */,
				C3CF65331B67505700167D70 /* KC Cart */,
				C3CF65311B67500D00167D70 /* KC Customer */,
				C3CF65301B674FF400167D70 /* KC Sign In */,
				C3CF652F1B674FCD00167D70 /* KC Menu */,
				C3CF65081B674F7C00167D70 /* The Knights Club */,
				C3CF65221B674F7C00167D70 /* The Knights ClubTests */,
				C3CF65071B674F7C00167D70 /* Products */,
			);
			sourceTree = "<group>";
		};
		C3CF65071B674F7C00167D70 /* Products */ = {
			isa = PBXGroup;
			children = (
				C3CF65061B674F7C00167D70 /* The Knights Club.app */,
				C3CF651F1B674F7C00167D70 /* The Knights ClubTests.xctest */,
			);
			name = Products;
			sourceTree = "<group>";
		};
		C3CF65081B674F7C00167D70 /* The Knights Club */ = {
			isa = PBXGroup;
			children = (
				C3CF650D1B674F7C00167D70 /* AppDelegate.h */,
				C3CF650E1B674F7C00167D70 /* AppDelegate.m */,
				C3CF65131B674F7C00167D70 /* Main.storyboard */,
				C3CF65161B674F7C00167D70 /* Images.xcassets */,
				C3CF65181B674F7C00167D70 /* LaunchScreen.xib */,
				C3CF65091B674F7C00167D70 /* Supporting Files */,
			);
			path = "The Knights Club";
			sourceTree = "<group>";
		};
		C3CF65091B674F7C00167D70 /* Supporting Files */ = {
			isa = PBXGroup;
			children = (
				C3CF650A1B674F7C00167D70 /* Info.plist */,
				C3CF650B1B674F7C00167D70 /* main.m */,
			);
			name = "Supporting Files";
			sourceTree = "<group>";
		};
		C3CF65221B674F7C00167D70 /* The Knights ClubTests */ = {
			isa = PBXGroup;
			children = (
				C3CF65251B674F7C00167D70 /* The_Knights_ClubTests.m */,
				C3CF65231B674F7C00167D70 /* Supporting Files */,
			);
			path = "The Knights ClubTests";
			sourceTree = "<group>";
		};
		C3CF65231B674F7C00167D70 /* Supporting Files */ = {
			isa = PBXGroup;
			children = (
				C3CF65241B674F7C00167D70 /* Info.plist */,
			);
			name = "Supporting Files";
			sourceTree = "<group>";
		};
		C3CF652F1B674FCD00167D70 /* KC Menu */ = {
			isa = PBXGroup;
			children = (
				C3CF65421B67F52500167D70 /* MenuViewController.h */,
				C3CF65431B67F52500167D70 /* MenuViewController.m */,
				C3CF65451B6802EE00167D70 /* MenuTableViewCell.h */,
				C3CF65461B6802EE00167D70 /* MenuTableViewCell.m */,
				C3BCBBB81B698D58001B97D2 /* SearchMenuViewController.h */,
				C3BCBBB91B698D58001B97D2 /* SearchMenuViewController.m */,
				C3BCBBBE1B69AB9F001B97D2 /* MenuDetailViewController.h */,
				C3BCBBBF1B69AB9F001B97D2 /* MenuDetailViewController.m */,
			);
			name = "KC Menu";
			sourceTree = "<group>";
		};
		C3CF65301B674FF400167D70 /* KC Sign In */ = {
			isa = PBXGroup;
			children = (
				C3CF65361B675C4000167D70 /* SignInViewController.h */,
				C3CF65371B675C4000167D70 /* SignInViewController.m */,
				C3CF65391B675C5C00167D70 /* SignUpViewController.h */,
				C3CF653A1B675C5C00167D70 /* SignUpViewController.m */,
			);
			name = "KC Sign In";
			sourceTree = "<group>";
		};
		C3CF65311B67500D00167D70 /* KC Customer */ = {
			isa = PBXGroup;
			children = (
			);
			name = "KC Customer";
			sourceTree = "<group>";
		};
		C3CF65331B67505700167D70 /* KC Cart */ = {
			isa = PBXGroup;
			children = (
			);
			name = "KC Cart";
			sourceTree = "<group>";
		};
		C3CF65341B67505F00167D70 /* KC Pay */ = {
			isa = PBXGroup;
			children = (
			);
			name = "KC Pay";
			sourceTree = "<group>";
		};
		C3CF65351B675C0500167D70 /* KC Abstract */ = {
			isa = PBXGroup;
			children = (
				C3CF653C1B67E54A00167D70 /* KCCustomer.h */,
				C3CF653D1B67E54A00167D70 /* KCCustomer.m */,
				C3CF653F1B67E85C00167D70 /* KCConnectCustomer.h */,
				C3CF65401B67E85C00167D70 /* KCConnectCustomer.m */,
				C3BCBBB21B688ECA001B97D2 /* KCDish.h */,
				C3BCBBB31B688ECA001B97D2 /* KCDish.m */,
				C3BCBBB51B688F90001B97D2 /* KCConnectDish.h */,
				C3BCBBB61B688F90001B97D2 /* KCConnectDish.m */,
				C3BCBBBB1B6990A1001B97D2 /* KCSelectedItem.h */,
				C3BCBBBC1B6990A1001B97D2 /* KCSelectedItem.m */,
			);
			name = "KC Abstract";
			sourceTree = "<group>";
		};
/* End PBXGroup section */

/* Begin PBXNativeTarget section */
		C3CF65051B674F7C00167D70 /* The Knights Club */ = {
			isa = PBXNativeTarget;
			buildConfigurationList = C3CF65291B674F7C00167D70 /* Build configuration list for PBXNativeTarget "The Knights Club" */;
			buildPhases = (
				C3CF65021B674F7C00167D70 /* Sources */,
				C3CF65031B674F7C00167D70 /* Frameworks */,
				C3CF65041B674F7C00167D70 /* Resources */,
			);
			buildRules = (
			);
			dependencies = (
			);
			name = "The Knights Club";
			productName = "The Knights Club";
			productReference = C3CF65061B674F7C00167D70 /* The Knights Club.app */;
			productType = "com.apple.product-type.application";
		};
		C3CF651E1B674F7C00167D70 /* The Knights ClubTests */ = {
			isa = PBXNativeTarget;
			buildConfigurationList = C3CF652C1B674F7C00167D70 /* Build configuration list for PBXNativeTarget "The Knights ClubTests" */;
			buildPhases = (
				C3CF651B1B674F7C00167D70 /* Sources */,
				C3CF651C1B674F7C00167D70 /* Frameworks */,
				C3CF651D1B674F7C00167D70 /* Resources */,
			);
			buildRules = (
			);
			dependencies = (
				C3CF65211B674F7C00167D70 /* PBXTargetDependency */,
			);
			name = "The Knights ClubTests";
			productName = "The Knights ClubTests";
			productReference = C3CF651F1B674F7C00167D70 /* The Knights ClubTests.xctest */;
			productType = "com.apple.product-type.bundle.unit-test";
		};
/* End PBXNativeTarget section */

/* Begin PBXProject section */
		C3CF64FE1B674F7C00167D70 /* Project object */ = {
			isa = PBXProject;
			attributes = {
				LastUpgradeCheck = 0640;
				ORGANIZATIONNAME = "Gannon University";
				TargetAttributes = {
					C3CF65051B674F7C00167D70 = {
						CreatedOnToolsVersion = 6.4;
					};
					C3CF651E1B674F7C00167D70 = {
						CreatedOnToolsVersion = 6.4;
						TestTargetID = C3CF65051B674F7C00167D70;
					};
				};
			};
			buildConfigurationList = C3CF65011B674F7C00167D70 /* Build configuration list for PBXProject "The Knights Club" */;
			compatibilityVersion = "Xcode 3.2";
			developmentRegion = English;
			hasScannedForEncodings = 0;
			knownRegions = (
				en,
				Base,
			);
			mainGroup = C3CF64FD1B674F7C00167D70;
			productRefGroup = C3CF65071B674F7C00167D70 /* Products */;
			projectDirPath = "";
			projectRoot = "";
			targets = (
				C3CF65051B674F7C00167D70 /* The Knights Club */,
				C3CF651E1B674F7C00167D70 /* The Knights ClubTests */,
			);
		};
/* End PBXProject section */

/* Begin PBXResourcesBuildPhase section */
		C3CF65041B674F7C00167D70 /* Resources */ = {
			isa = PBXResourcesBuildPhase;
			buildActionMask = 2147483647;
			files = (
				C3CF65151B674F7C00167D70 /* Main.storyboard in Resources */,
				C3CF651A1B674F7C00167D70 /* LaunchScreen.xib in Resources */,
				C3CF65171B674F7C00167D70 /* Images.xcassets in Resources */,
			);
			runOnlyForDeploymentPostprocessing = 0;
		};
		C3CF651D1B674F7C00167D70 /* Resources */ = {
			isa = PBXResourcesBuildPhase;
			buildActionMask = 2147483647;
			files = (
			);
			runOnlyForDeploymentPostprocessing = 0;
		};
/* End PBXResourcesBuildPhase section */

/* Begin PBXSourcesBuildPhase section */
		C3CF65021B674F7C00167D70 /* Sources */ = {
			isa = PBXSourcesBuildPhase;
			buildActionMask = 2147483647;
			files = (
				C3CF650F1B674F7C00167D70 /* AppDelegate.m in Sources */,
				C3BCBBBD1B6990A1001B97D2 /* KCSelectedItem.m in Sources */,
				C3BCBBB41B688ECA001B97D2 /* KCDish.m in Sources */,
				C3BCBBB71B688F90001B97D2 /* KCConnectDish.m in Sources */,
				C3CF65381B675C4000167D70 /* SignInViewController.m in Sources */,
				C3CF65411B67E85C00167D70 /* KCConnectCustomer.m in Sources */,
				C3BCBBBA1B698D58001B97D2 /* SearchMenuViewController.m in Sources */,
				C3CF653E1B67E54A00167D70 /* KCCustomer.m in Sources */,
				C3BCBBC01B69AB9F001B97D2 /* MenuDetailViewController.m in Sources */,
				C3CF65441B67F52500167D70 /* MenuViewController.m in Sources */,
				C3CF653B1B675C5C00167D70 /* SignUpViewController.m in Sources */,
				C3CF65471B6802EE00167D70 /* MenuTableViewCell.m in Sources */,
				C3CF650C1B674F7C00167D70 /* main.m in Sources */,
			);
			runOnlyForDeploymentPostprocessing = 0;
		};
		C3CF651B1B674F7C00167D70 /* Sources */ = {
			isa = PBXSourcesBuildPhase;
			buildActionMask = 2147483647;
			files = (
				C3CF65261B674F7C00167D70 /* The_Knights_ClubTests.m in Sources */,
			);
			runOnlyForDeploymentPostprocessing = 0;
		};
/* End PBXSourcesBuildPhase section */

/* Begin PBXTargetDependency section */
		C3CF65211B674F7C00167D70 /* PBXTargetDependency */ = {
			isa = PBXTargetDependency;
			target = C3CF65051B674F7C00167D70 /* The Knights Club */;
			targetProxy = C3CF65201B674F7C00167D70 /* PBXContainerItemProxy */;
		};
/* End PBXTargetDependency section */

/* Begin PBXVariantGroup section */
		C3CF65131B674F7C00167D70 /* Main.storyboard */ = {
			isa = PBXVariantGroup;
			children = (
				C3CF65141B674F7C00167D70 /* Base */,
			);
			name = Main.storyboard;
			sourceTree = "<group>";
		};
		C3CF65181B674F7C00167D70 /* LaunchScreen.xib */ = {
			isa = PBXVariantGroup;
			children = (
				C3CF65191B674F7C00167D70 /* Base */,
			);
			name = LaunchScreen.xib;
			sourceTree = "<group>";
		};
/* End PBXVariantGroup section */

/* Begin XCBuildConfiguration section */
		C3CF65271B674F7C00167D70 /* Debug */ = {
			isa = XCBuildConfiguration;
			buildSettings = {
				ALWAYS_SEARCH_USER_PATHS = NO;
				CLANG_CXX_LANGUAGE_STANDARD = "gnu++0x";
				CLANG_CXX_LIBRARY = "libc++";
				CLANG_ENABLE_MODULES = YES;
				CLANG_ENABLE_OBJC_ARC = YES;
				CLANG_WARN_BOOL_CONVERSION = YES;
				CLANG_WARN_CONSTANT_CONVERSION = YES;
				CLANG_WARN_DIRECT_OBJC_ISA_USAGE = YES_ERROR;
				CLANG_WARN_EMPTY_BODY = YES;
				CLANG_WARN_ENUM_CONVERSION = YES;
				CLANG_WARN_INT_CONVERSION = YES;
				CLANG_WARN_OBJC_ROOT_CLASS = YES_ERROR;
				CLANG_WARN_UNREACHABLE_CODE = YES;
				CLANG_WARN__DUPLICATE_METHOD_MATCH = YES;
				"CODE_SIGN_IDENTITY[sdk=iphoneos*]" = "iPhone Developer";
				COPY_PHASE_STRIP = NO;
				DEBUG_INFORMATION_FORMAT = "dwarf-with-dsym";
				ENABLE_STRICT_OBJC_MSGSEND = YES;
				GCC_C_LANGUAGE_STANDARD = gnu99;
				GCC_DYNAMIC_NO_PIC = NO;
				GCC_NO_COMMON_BLOCKS = YES;
				GCC_OPTIMIZATION_LEVEL = 0;
				GCC_PREPROCESSOR_DEFINITIONS = (
					"DEBUG=1",
					"$(inherited)",
				);
				GCC_SYMBOLS_PRIVATE_EXTERN = NO;
				GCC_WARN_64_TO_32_BIT_CONVERSION = YES;
				GCC_WARN_ABOUT_RETURN_TYPE = YES_ERROR;
				GCC_WARN_UNDECLARED_SELECTOR = YES;
				GCC_WARN_UNINITIALIZED_AUTOS = YES_AGGRESSIVE;
				GCC_WARN_UNUSED_FUNCTION = YES;
				GCC_WARN_UNUSED_VARIABLE = YES;
				IPHONEOS_DEPLOYMENT_TARGET = 8.4;
				MTL_ENABLE_DEBUG_INFO = YES;
				ONLY_ACTIVE_ARCH = YES;
				SDKROOT = iphoneos;
			};
			name = Debug;
		};
		C3CF65281B674F7C00167D70 /* Release */ = {
			isa = XCBuildConfiguration;
			buildSettings = {
				ALWAYS_SEARCH_USER_PATHS = NO;
				CLANG_CXX_LANGUAGE_STANDARD = "gnu++0x";
				CLANG_CXX_LIBRARY = "libc++";
				CLANG_ENABLE_MODULES = YES;
				CLANG_ENABLE_OBJC_ARC = YES;
				CLANG_WARN_BOOL_CONVERSION = YES;
				CLANG_WARN_CONSTANT_CONVERSION = YES;
				CLANG_WARN_DIRECT_OBJC_ISA_USAGE = YES_ERROR;
				CLANG_WARN_EMPTY_BODY = YES;
				CLANG_WARN_ENUM_CONVERSION = YES;
				CLANG_WARN_INT_CONVERSION = YES;
				CLANG_WARN_OBJC_ROOT_CLASS = YES_ERROR;
				CLANG_WARN_UNREACHABLE_CODE = YES;
				CLANG_WARN__DUPLICATE_METHOD_MATCH = YES;
				"CODE_SIGN_IDENTITY[sdk=iphoneos*]" = "iPhone Developer";
				COPY_PHASE_STRIP = NO;
				DEBUG_INFORMATION_FORMAT = "dwarf-with-dsym";
				ENABLE_NS_ASSERTIONS = NO;
				ENABLE_STRICT_OBJC_MSGSEND = YES;
				GCC_C_LANGUAGE_STANDARD = gnu99;
				GCC_NO_COMMON_BLOCKS = YES;
				GCC_WARN_64_TO_32_BIT_CONVERSION = YES;
				GCC_WARN_ABOUT_RETURN_TYPE = YES_ERROR;
				GCC_WARN_UNDECLARED_SELECTOR = YES;
				GCC_WARN_UNINITIALIZED_AUTOS = YES_AGGRESSIVE;
				GCC_WARN_UNUSED_FUNCTION = YES;
				GCC_WARN_UNUSED_VARIABLE = YES;
				IPHONEOS_DEPLOYMENT_TARGET = 8.4;
				MTL_ENABLE_DEBUG_INFO = NO;
				SDKROOT = iphoneos;
				VALIDATE_PRODUCT = YES;
			};
			name = Release;
		};
		C3CF652A1B674F7C00167D70 /* Debug */ = {
			isa = XCBuildConfiguration;
			buildSettings = {
				ASSETCATALOG_COMPILER_APPICON_NAME = AppIcon;
				INFOPLIST_FILE = "The Knights Club/Info.plist";
				LD_RUNPATH_SEARCH_PATHS = "$(inherited) @executable_path/Frameworks";
				PRODUCT_NAME = "$(TARGET_NAME)";
			};
			name = Debug;
		};
		C3CF652B1B674F7C00167D70 /* Release */ = {
			isa = XCBuildConfiguration;
			buildSettings = {
				ASSETCATALOG_COMPILER_APPICON_NAME = AppIcon;
				INFOPLIST_FILE = "The Knights Club/Info.plist";
				LD_RUNPATH_SEARCH_PATHS = "$(inherited) @executable_path/Frameworks";
				PRODUCT_NAME = "$(TARGET_NAME)";
			};
			name = Release;
		};
		C3CF652D1B674F7C00167D70 /* Debug */ = {
			isa = XCBuildConfiguration;
			buildSettings = {
				BUNDLE_LOADER = "$(TEST_HOST)";
				FRAMEWORK_SEARCH_PATHS = (
					"$(SDKROOT)/Developer/Library/Frameworks",
					"$(inherited)",
				);
				GCC_PREPROCESSOR_DEFINITIONS = (
					"DEBUG=1",
					"$(inherited)",
				);
				INFOPLIST_FILE = "The Knights ClubTests/Info.plist";
				LD_RUNPATH_SEARCH_PATHS = "$(inherited) @executable_path/Frameworks @loader_path/Frameworks";
				PRODUCT_NAME = "$(TARGET_NAME)";
				TEST_HOST = "$(BUILT_PRODUCTS_DIR)/The Knights Club.app/The Knights Club";
			};
			name = Debug;
		};
		C3CF652E1B674F7C00167D70 /* Release */ = {
			isa = XCBuildConfiguration;
			buildSettings = {
				BUNDLE_LOADER = "$(TEST_HOST)";
				FRAMEWORK_SEARCH_PATHS = (
					"$(SDKROOT)/Developer/Library/Frameworks",
					"$(inherited)",
				);
				INFOPLIST_FILE = "The Knights ClubTests/Info.plist";
				LD_RUNPATH_SEARCH_PATHS = "$(inherited) @executable_path/Frameworks @loader_path/Frameworks";
				PRODUCT_NAME = "$(TARGET_NAME)";
				TEST_HOST = "$(BUILT_PRODUCTS_DIR)/The Knights Club.app/The Knights Club";
			};
			name = Release;
		};
/* End XCBuildConfiguration section */

/* Begin XCConfigurationList section */
		C3CF65011B674F7C00167D70 /* Build configuration list for PBXProject "The Knights Club" */ = {
			isa = XCConfigurationList;
			buildConfigurations = (
				C3CF65271B674F7C00167D70 /* Debug */,
				C3CF65281B674F7C00167D70 /* Release */,
			);
			defaultConfigurationIsVisible = 0;
			defaultConfigurationName = Release;
		};
		C3CF65291B674F7C00167D70 /* Build configuration list for PBXNativeTarget "The Knights Club" */ = {
			isa = XCConfigurationList;
			buildConfigurations = (
				C3CF652A1B674F7C00167D70 /* Debug */,
				C3CF652B1B674F7C00167D70 /* Release */,
			);
			defaultConfigurationIsVisible = 0;
			defaultConfigurationName = Release;
		};
		C3CF652C1B674F7C00167D70 /* Build configuration list for PBXNativeTarget "The Knights ClubTests" */ = {
			isa = XCConfigurationList;
			buildConfigurations = (
				C3CF652D1B674F7C00167D70 /* Debug */,
				C3CF652E1B674F7C00167D70 /* Release */,
			);
			defaultConfigurationIsVisible = 0;
			defaultConfigurationName = Release;
		};
/* End XCConfigurationList section */
	};
	rootObject = C3CF64FE1B674F7C00167D70 /* Project object */;
}
